
Microsoft Visual Studio Solution File, Format Version 12.00
# Visual Studio Version 16
VisualStudioVersion = 16.0.30413.136
MinimumVisualStudioVersion = 10.0.40219.1
Project("{9A19103F-16F7-4668-BE54-9A1E7A4F7556}") = "Queueker", "Queueker\Queueker.csproj", "{9B22ADF4-68D6-47FC-80F1-92AFC08CBA84}"
EndProject
Project("{9A19103F-16F7-4668-BE54-9A1E7A4F7556}") = "QueuekerTuner", "QueuekerTuner\QueuekerTuner.csproj", "{0284F189-584A-4AAB-A12C-F9D6241781D2}"
EndProject
Global
	GlobalSection(SolutionConfigurationPlatforms) = preSolution
		Debug|Any CPU = Debug|Any CPU
		Release|Any CPU = Release|Any CPU
	EndGlobalSection
	GlobalSection(ProjectConfigurationPlatforms) = postSolution
		{9B22ADF4-68D6-47FC-80F1-92AFC08CBA84}.Debug|Any CPU.ActiveCfg = Debug|Any CPU
		{9B22ADF4-68D6-47FC-80F1-92AFC08CBA84}.Debug|Any CPU.Build.0 = Debug|Any CPU
		{9B22ADF4-68D6-47FC-80F1-92AFC08CBA84}.Release|Any CPU.ActiveCfg = Release|Any CPU
		{9B22ADF4-68D6-47FC-80F1-92AFC08CBA84}.Release|Any CPU.Build.0 = Release|Any CPU
		{0284F189-584A-4AAB-A12C-F9D6241781D2}.Debug|Any CPU.ActiveCfg = Debug|Any CPU
		{0284F189-584A-4AAB-A12C-F9D6241781D2}.Debug|Any CPU.Build.0 = Debug|Any CPU
		{0284F189-584A-4AAB-A12C-F9D6241781D2}.Release|Any CPU.ActiveCfg = Release|Any CPU
		{0284F189-584A-4AAB-A12C-F9D6241781D2}.Release|Any CPU.Build.0 = Release|Any CPU
	EndGlobalSection
	GlobalSection(SolutionProperties) = preSolution
		HideSolutionNode = FALSE
	EndGlobalSection
	GlobalSection(ExtensibilityGlobals) = postSolution
		SolutionGuid = {F6C294CA-1D5C-4770-B465-222EC7C91DA5}
	EndGlobalSection
EndGlobal
